
Microsoft Visual Studio Solution File, Format Version 12.00
# Visual Studio Version 16
VisualStudioVersion = 16.0.30114.105
MinimumVisualStudioVersion = 10.0.40219.1
Project("{FAE04EC0-301F-11D3-BF4B-00C04F79EFBC}") = "BikeRental", "BikeRental\BikeRental.csproj", "{8C2747C5-6DE0-4921-9EB9-4BE2D24A8D5E}"
EndProject
Project("{FAE04EC0-301F-11D3-BF4B-00C04F79EFBC}") = "BikeRental.Dal", "BikeRental.Dal\BikeRental.Dal.csproj", "{0C257203-2D0A-496E-925D-AC1972884335}"
EndProject
Project("{FAE04EC0-301F-11D3-BF4B-00C04F79EFBC}") = "BikeRental.Core", "BikeRental.Core\BikeRental.Core.csproj", "{42CBAC3C-7E61-4532-A876-6FCB4E617DE3}"
EndProject
Project("{FAE04EC0-301F-11D3-BF4B-00C04F79EFBC}") = "BikeRental.Infrastructure", "BikeRental.Infrastructure\BikeRental.Infrastructure.csproj", "{7F080AA4-E699-41AB-9A61-12DCEDD67856}"
EndProject
Project("{FAE04EC0-301F-11D3-BF4B-00C04F79EFBC}") = "BikeRental.Bl", "BikeRental.Bl\BikeRental.Bl.csproj", "{29405E5F-504F-414F-913F-134AF596F429}"
EndProject
Global
	GlobalSection(SolutionConfigurationPlatforms) = preSolution
		Debug|Any CPU = Debug|Any CPU
		Release|Any CPU = Release|Any CPU
	EndGlobalSection
	GlobalSection(ProjectConfigurationPlatforms) = postSolution
		{8C2747C5-6DE0-4921-9EB9-4BE2D24A8D5E}.Debug|Any CPU.ActiveCfg = Debug|Any CPU
		{8C2747C5-6DE0-4921-9EB9-4BE2D24A8D5E}.Debug|Any CPU.Build.0 = Debug|Any CPU
		{8C2747C5-6DE0-4921-9EB9-4BE2D24A8D5E}.Release|Any CPU.ActiveCfg = Release|Any CPU
		{8C2747C5-6DE0-4921-9EB9-4BE2D24A8D5E}.Release|Any CPU.Build.0 = Release|Any CPU
		{0C257203-2D0A-496E-925D-AC1972884335}.Debug|Any CPU.ActiveCfg = Debug|Any CPU
		{0C257203-2D0A-496E-925D-AC1972884335}.Debug|Any CPU.Build.0 = Debug|Any CPU
		{0C257203-2D0A-496E-925D-AC1972884335}.Release|Any CPU.ActiveCfg = Release|Any CPU
		{0C257203-2D0A-496E-925D-AC1972884335}.Release|Any CPU.Build.0 = Release|Any CPU
		{42CBAC3C-7E61-4532-A876-6FCB4E617DE3}.Debug|Any CPU.ActiveCfg = Debug|Any CPU
		{42CBAC3C-7E61-4532-A876-6FCB4E617DE3}.Debug|Any CPU.Build.0 = Debug|Any CPU
		{42CBAC3C-7E61-4532-A876-6FCB4E617DE3}.Release|Any CPU.ActiveCfg = Release|Any CPU
		{42CBAC3C-7E61-4532-A876-6FCB4E617DE3}.Release|Any CPU.Build.0 = Release|Any CPU
		{7F080AA4-E699-41AB-9A61-12DCEDD67856}.Debug|Any CPU.ActiveCfg = Debug|Any CPU
		{7F080AA4-E699-41AB-9A61-12DCEDD67856}.Debug|Any CPU.Build.0 = Debug|Any CPU
		{7F080AA4-E699-41AB-9A61-12DCEDD67856}.Release|Any CPU.ActiveCfg = Release|Any CPU
		{7F080AA4-E699-41AB-9A61-12DCEDD67856}.Release|Any CPU.Build.0 = Release|Any CPU
		{29405E5F-504F-414F-913F-134AF596F429}.Debug|Any CPU.ActiveCfg = Debug|Any CPU
		{29405E5F-504F-414F-913F-134AF596F429}.Debug|Any CPU.Build.0 = Debug|Any CPU
		{29405E5F-504F-414F-913F-134AF596F429}.Release|Any CPU.ActiveCfg = Release|Any CPU
		{29405E5F-504F-414F-913F-134AF596F429}.Release|Any CPU.Build.0 = Release|Any CPU
	EndGlobalSection
	GlobalSection(SolutionProperties) = preSolution
		HideSolutionNode = FALSE
	EndGlobalSection
	GlobalSection(ExtensibilityGlobals) = postSolution
		SolutionGuid = {63E06589-5EA0-40A6-AFEA-6E10DC4E4B14}
	EndGlobalSection
EndGlobal
